
Microsoft Visual Studio Solution File, Format Version 12.00
# Visual Studio 15
VisualStudioVersion = 15.0.26430.15
MinimumVisualStudioVersion = 10.0.40219.1
Project("{2150E333-8FDC-42A3-9474-1A3956D46DE8}") = "src", "src", "{4D30B61E-8462-4061-9235-BDB6F616656A}"
EndProject
Project("{2150E333-8FDC-42A3-9474-1A3956D46DE8}") = "Solution Items", "Solution Items", "{1A4F1C33-A4A8-49FE-A80B-2E4896065B37}"
	ProjectSection(SolutionItems) = preProject
		.gitattributes = .gitattributes
		.gitignore = .gitignore
	EndProjectSection
EndProject
Project("{9A19103F-16F7-4668-BE54-9A1E7A4F7556}") = "Irdaf.Messaging", "Irdaf.Messaging\Irdaf.Messaging.csproj", "{8B02B51A-234B-413D-A5F7-CC80A6A93582}"
EndProject
Project("{9A19103F-16F7-4668-BE54-9A1E7A4F7556}") = "Irdaf.Messaging.Core", "Irdaf.Messaging.Core\Irdaf.Messaging.Core.csproj", "{60915CDC-EF45-470D-AF97-1C0D2EE89D5C}"
EndProject
Project("{9A19103F-16F7-4668-BE54-9A1E7A4F7556}") = "Irdaf.Messaging.Validation", "Irdaf.Messaging.Validation\Irdaf.Messaging.Validation.csproj", "{4B8305DC-D085-4F6A-B80D-452784B15729}"
EndProject
Project("{9A19103F-16F7-4668-BE54-9A1E7A4F7556}") = "Irdaf.Messaging.Autofac", "Irdaf.Messaging.Autofac\Irdaf.Messaging.Autofac.csproj", "{4202214D-890D-4998-B4AD-E9080048606C}"
EndProject
Project("{9A19103F-16F7-4668-BE54-9A1E7A4F7556}") = "Irdaf.Messaging.Rebus", "Irdaf.Messaging.Rebus\Irdaf.Messaging.Rebus.csproj", "{5A7463B8-1725-44A0-A0EA-E4E01FECDDBC}"
EndProject
Global
	GlobalSection(SolutionConfigurationPlatforms) = preSolution
		Debug|Any CPU = Debug|Any CPU
		Release|Any CPU = Release|Any CPU
	EndGlobalSection
	GlobalSection(ProjectConfigurationPlatforms) = postSolution
		{8B02B51A-234B-413D-A5F7-CC80A6A93582}.Debug|Any CPU.ActiveCfg = Debug|Any CPU
		{8B02B51A-234B-413D-A5F7-CC80A6A93582}.Debug|Any CPU.Build.0 = Debug|Any CPU
		{8B02B51A-234B-413D-A5F7-CC80A6A93582}.Release|Any CPU.ActiveCfg = Release|Any CPU
		{8B02B51A-234B-413D-A5F7-CC80A6A93582}.Release|Any CPU.Build.0 = Release|Any CPU
		{60915CDC-EF45-470D-AF97-1C0D2EE89D5C}.Debug|Any CPU.ActiveCfg = Debug|Any CPU
		{60915CDC-EF45-470D-AF97-1C0D2EE89D5C}.Debug|Any CPU.Build.0 = Debug|Any CPU
		{60915CDC-EF45-470D-AF97-1C0D2EE89D5C}.Release|Any CPU.ActiveCfg = Release|Any CPU
		{60915CDC-EF45-470D-AF97-1C0D2EE89D5C}.Release|Any CPU.Build.0 = Release|Any CPU
		{4B8305DC-D085-4F6A-B80D-452784B15729}.Debug|Any CPU.ActiveCfg = Debug|Any CPU
		{4B8305DC-D085-4F6A-B80D-452784B15729}.Debug|Any CPU.Build.0 = Debug|Any CPU
		{4B8305DC-D085-4F6A-B80D-452784B15729}.Release|Any CPU.ActiveCfg = Release|Any CPU
		{4B8305DC-D085-4F6A-B80D-452784B15729}.Release|Any CPU.Build.0 = Release|Any CPU
		{4202214D-890D-4998-B4AD-E9080048606C}.Debug|Any CPU.ActiveCfg = Debug|Any CPU
		{4202214D-890D-4998-B4AD-E9080048606C}.Debug|Any CPU.Build.0 = Debug|Any CPU
		{4202214D-890D-4998-B4AD-E9080048606C}.Release|Any CPU.ActiveCfg = Release|Any CPU
		{4202214D-890D-4998-B4AD-E9080048606C}.Release|Any CPU.Build.0 = Release|Any CPU
		{5A7463B8-1725-44A0-A0EA-E4E01FECDDBC}.Debug|Any CPU.ActiveCfg = Debug|Any CPU
		{5A7463B8-1725-44A0-A0EA-E4E01FECDDBC}.Debug|Any CPU.Build.0 = Debug|Any CPU
		{5A7463B8-1725-44A0-A0EA-E4E01FECDDBC}.Release|Any CPU.ActiveCfg = Release|Any CPU
		{5A7463B8-1725-44A0-A0EA-E4E01FECDDBC}.Release|Any CPU.Build.0 = Release|Any CPU
	EndGlobalSection
	GlobalSection(SolutionProperties) = preSolution
		HideSolutionNode = FALSE
	EndGlobalSection
	GlobalSection(NestedProjects) = preSolution
		{8B02B51A-234B-413D-A5F7-CC80A6A93582} = {4D30B61E-8462-4061-9235-BDB6F616656A}
		{60915CDC-EF45-470D-AF97-1C0D2EE89D5C} = {4D30B61E-8462-4061-9235-BDB6F616656A}
		{4B8305DC-D085-4F6A-B80D-452784B15729} = {4D30B61E-8462-4061-9235-BDB6F616656A}
		{4202214D-890D-4998-B4AD-E9080048606C} = {4D30B61E-8462-4061-9235-BDB6F616656A}
		{5A7463B8-1725-44A0-A0EA-E4E01FECDDBC} = {4D30B61E-8462-4061-9235-BDB6F616656A}
	EndGlobalSection
EndGlobal
